
Microsoft Visual Studio Solution File, Format Version 12.00
# Visual Studio Version 17
VisualStudioVersion = 17.8.34408.163
MinimumVisualStudioVersion = 10.0.40219.1
Project("{FAE04EC0-301F-11D3-BF4B-00C04F79EFBC}") = "Jeu_magique", "Jeu_magique\Jeu_magique.csproj", "{B4F2EE20-1292-4942-9F9A-8BC8246EF50A}"
EndProject
Global
	GlobalSection(SolutionConfigurationPlatforms) = preSolution
		Debug|Any CPU = Debug|Any CPU
		Release|Any CPU = Release|Any CPU
	EndGlobalSection
	GlobalSection(ProjectConfigurationPlatforms) = postSolution
		{B4F2EE20-1292-4942-9F9A-8BC8246EF50A}.Debug|Any CPU.ActiveCfg = Debug|Any CPU
		{B4F2EE20-1292-4942-9F9A-8BC8246EF50A}.Debug|Any CPU.Build.0 = Debug|Any CPU
		{B4F2EE20-1292-4942-9F9A-8BC8246EF50A}.Release|Any CPU.ActiveCfg = Release|Any CPU
		{B4F2EE20-1292-4942-9F9A-8BC8246EF50A}.Release|Any CPU.Build.0 = Release|Any CPU
	EndGlobalSection
	GlobalSection(SolutionProperties) = preSolution
		HideSolutionNode = FALSE
	EndGlobalSection
	GlobalSection(ExtensibilityGlobals) = postSolution
		SolutionGuid = {B54862CA-E2E5-4CEC-842C-19E40642BCE0}
	EndGlobalSection
EndGlobal
